Microsoft Visual Studio Solution File, Format Version 12.00
# Visual Studio 15
VisualStudioVersion = 15.0.27130.2036
MinimumVisualStudioVersion = 10.0.40219.1
Project("{9A19103F-16F7-4668-BE54-9A1E7A4F7556}") = "Domain", "Domain\Domain.csproj", "{59B3A328-8FFD-4AC9-B773-6B0FAB43A471}"
EndProject
Project("{9A19103F-16F7-4668-BE54-9A1E7A4F7556}") = "Website", "Website\Website.csproj", "{98DF91A2-8260-46AF-8973-05E870C30C06}"
EndProject
Project("{9A19103F-16F7-4668-BE54-9A1E7A4F7556}") = "#Model", "M#\Model\#Model.csproj", "{90A0E952-66A9-49A7-96E7-89F63BD4F4E7}"
EndProject
Project("{9A19103F-16F7-4668-BE54-9A1E7A4F7556}") = "#UI", "M#\UI\#UI.csproj", "{A864BF80-8725-43CC-BC86-8728A0F065D5}"
EndProject
Project("{E53339B2-1760-4266-BCC7-CA923CBCF16C}") = "docker-compose", "docker-compose.dcproj", "{87FBFC9F-02B7-4F0A-B0BA-5B55E2B5ED00}"
EndProject
Global
	GlobalSection(SolutionConfigurationPlatforms) = preSolution
		Debug|Any CPU = Debug|Any CPU
		Release|Any CPU = Release|Any CPU
	EndGlobalSection
	GlobalSection(ProjectConfigurationPlatforms) = postSolution
		{59B3A328-8FFD-4AC9-B773-6B0FAB43A471}.Debug|Any CPU.ActiveCfg = Debug|Any CPU
		{59B3A328-8FFD-4AC9-B773-6B0FAB43A471}.Debug|Any CPU.Build.0 = Debug|Any CPU
		{59B3A328-8FFD-4AC9-B773-6B0FAB43A471}.Release|Any CPU.ActiveCfg = Release|Any CPU
		{59B3A328-8FFD-4AC9-B773-6B0FAB43A471}.Release|Any CPU.Build.0 = Release|Any CPU
		{98DF91A2-8260-46AF-8973-05E870C30C06}.Debug|Any CPU.ActiveCfg = Debug|Any CPU
		{98DF91A2-8260-46AF-8973-05E870C30C06}.Debug|Any CPU.Build.0 = Debug|Any CPU
		{98DF91A2-8260-46AF-8973-05E870C30C06}.Release|Any CPU.ActiveCfg = Release|Any CPU
		{98DF91A2-8260-46AF-8973-05E870C30C06}.Release|Any CPU.Build.0 = Release|Any CPU
		{90A0E952-66A9-49A7-96E7-89F63BD4F4E7}.Debug|Any CPU.ActiveCfg = Debug|Any CPU
		{90A0E952-66A9-49A7-96E7-89F63BD4F4E7}.Release|Any CPU.ActiveCfg = Release|Any CPU
		{90A0E952-66A9-49A7-96E7-89F63BD4F4E7}.Release|Any CPU.Build.0 = Release|Any CPU
		{A864BF80-8725-43CC-BC86-8728A0F065D5}.Debug|Any CPU.ActiveCfg = Debug|Any CPU
		{A864BF80-8725-43CC-BC86-8728A0F065D5}.Release|Any CPU.ActiveCfg = Release|Any CPU
		{A864BF80-8725-43CC-BC86-8728A0F065D5}.Release|Any CPU.Build.0 = Release|Any CPU
		{87FBFC9F-02B7-4F0A-B0BA-5B55E2B5ED00}.Debug|Any CPU.ActiveCfg = Debug|Any CPU
		{87FBFC9F-02B7-4F0A-B0BA-5B55E2B5ED00}.Release|Any CPU.ActiveCfg = Release|Any CPU
		{87FBFC9F-02B7-4F0A-B0BA-5B55E2B5ED00}.Release|Any CPU.Build.0 = Release|Any CPU
	EndGlobalSection
	GlobalSection(SolutionProperties) = preSolution
		HideSolutionNode = FALSE
	EndGlobalSection
	GlobalSection(ExtensibilityGlobals) = postSolution
		SolutionGuid = {6E06F337-8AE8-4CC1-9724-E8D1CB8750AC}
	EndGlobalSection
EndGlobal
